
Microsoft Visual Studio Solution File, Format Version 12.00
# Visual Studio 15
VisualStudioVersion = 15.0.28307.572
MinimumVisualStudioVersion = 10.0.40219.1
Project("{FAE04EC0-301F-11D3-BF4B-00C04F79EFBC}") = "ScriptCreate - Trend", "ScriptCreate - Trend\ScriptCreate - Trend.csproj", "{09D0B498-7745-4FBA-9D5E-53CE64890F7C}"
EndProject
Global
	GlobalSection(SolutionConfigurationPlatforms) = preSolution
		Debug|Any CPU = Debug|Any CPU
		Release|Any CPU = Release|Any CPU
	EndGlobalSection
	GlobalSection(ProjectConfigurationPlatforms) = postSolution
		{09D0B498-7745-4FBA-9D5E-53CE64890F7C}.Debug|Any CPU.ActiveCfg = Debug|Any CPU
		{09D0B498-7745-4FBA-9D5E-53CE64890F7C}.Debug|Any CPU.Build.0 = Debug|Any CPU
		{09D0B498-7745-4FBA-9D5E-53CE64890F7C}.Release|Any CPU.ActiveCfg = Release|Any CPU
		{09D0B498-7745-4FBA-9D5E-53CE64890F7C}.Release|Any CPU.Build.0 = Release|Any CPU
	EndGlobalSection
	GlobalSection(SolutionProperties) = preSolution
		HideSolutionNode = FALSE
	EndGlobalSection
	GlobalSection(ExtensibilityGlobals) = postSolution
		SolutionGuid = {F42E0675-C2E4-4EDD-841B-D5DB77472484}
	EndGlobalSection
EndGlobal
